Microsoft Visual Studio Solution File, Format Version 12.00
# Visual Studio 15
VisualStudioVersion = 15.0.26430.14
MinimumVisualStudioVersion = 10.0.40219.1
Project("{FAE04EC0-301F-11D3-BF4B-00C04F79EFBC}") = "ShellDataReportingAPIs.Standard", "ShellDataReportingAPIs.Standard/ShellDataReportingAPIs.Standard.csproj", "{a8b83e27-e7a7-41b1-b09d-e262bf21b7bc}"
EndProject
Project("{FAE04EC0-301F-11D3-BF4B-00C04F79EFBC}") = "ShellDataReportingAPIs.Tests", "ShellDataReportingAPIs.Tests/ShellDataReportingAPIs.Tests.csproj", "{aad1d977-e608-4c3a-a2d4-093d9decaacd}"
EndProject
Global
    GlobalSection(SolutionConfigurationPlatforms) = preSolution
        Debug|Any CPU = Debug|Any CPU
        Release|Any CPU = Release|Any CPU
    EndGlobalSection
    GlobalSection(ProjectConfigurationPlatforms) = postSolution
        {a8b83e27-e7a7-41b1-b09d-e262bf21b7bc}.Debug|Any CPU.ActiveCfg = Debug|Any CPU
        {a8b83e27-e7a7-41b1-b09d-e262bf21b7bc}.Debug|Any CPU.Build.0 = Debug|Any CPU
        {a8b83e27-e7a7-41b1-b09d-e262bf21b7bc}.Release|Any CPU.ActiveCfg = Release|Any CPU
        {a8b83e27-e7a7-41b1-b09d-e262bf21b7bc}.Release|Any CPU.Build.0 = Release|Any CPU
        {aad1d977-e608-4c3a-a2d4-093d9decaacd}.Debug|Any CPU.ActiveCfg = Debug|Any CPU
        {aad1d977-e608-4c3a-a2d4-093d9decaacd}.Debug|Any CPU.Build.0 = Debug|Any CPU
        {aad1d977-e608-4c3a-a2d4-093d9decaacd}.Release|Any CPU.ActiveCfg = Release|Any CPU
        {aad1d977-e608-4c3a-a2d4-093d9decaacd}.Release|Any CPU.Build.0 = Release|Any CPU
    EndGlobalSection
    GlobalSection(SolutionProperties) = preSolution
        HideSolutionNode = FALSE
    EndGlobalSection
EndGlobal