Microsoft Visual Studio Solution File, Format Version 12.00
# Visual Studio 15
VisualStudioVersion = 15.0.26430.14
MinimumVisualStudioVersion = 10.0.40219.1
Project("{FAE04EC0-301F-11D3-BF4B-00C04F79EFBC}") = "ShellDataReportingAPIs.Standard", "ShellDataReportingAPIs.Standard/ShellDataReportingAPIs.Standard.csproj", "{d1609cdb-92f6-46b8-a762-c23f97ed5ca6}"
EndProject
Project("{FAE04EC0-301F-11D3-BF4B-00C04F79EFBC}") = "ShellDataReportingAPIs.Tests", "ShellDataReportingAPIs.Tests/ShellDataReportingAPIs.Tests.csproj", "{69602e30-3712-4224-9c81-3ddd2b024971}"
EndProject
Global
    GlobalSection(SolutionConfigurationPlatforms) = preSolution
        Debug|Any CPU = Debug|Any CPU
        Release|Any CPU = Release|Any CPU
    EndGlobalSection
    GlobalSection(ProjectConfigurationPlatforms) = postSolution
        {d1609cdb-92f6-46b8-a762-c23f97ed5ca6}.Debug|Any CPU.ActiveCfg = Debug|Any CPU
        {d1609cdb-92f6-46b8-a762-c23f97ed5ca6}.Debug|Any CPU.Build.0 = Debug|Any CPU
        {d1609cdb-92f6-46b8-a762-c23f97ed5ca6}.Release|Any CPU.ActiveCfg = Release|Any CPU
        {d1609cdb-92f6-46b8-a762-c23f97ed5ca6}.Release|Any CPU.Build.0 = Release|Any CPU
        {69602e30-3712-4224-9c81-3ddd2b024971}.Debug|Any CPU.ActiveCfg = Debug|Any CPU
        {69602e30-3712-4224-9c81-3ddd2b024971}.Debug|Any CPU.Build.0 = Debug|Any CPU
        {69602e30-3712-4224-9c81-3ddd2b024971}.Release|Any CPU.ActiveCfg = Release|Any CPU
        {69602e30-3712-4224-9c81-3ddd2b024971}.Release|Any CPU.Build.0 = Release|Any CPU
    EndGlobalSection
    GlobalSection(SolutionProperties) = preSolution
        HideSolutionNode = FALSE
    EndGlobalSection
EndGlobal
